// !$*UTF8*$!
{
	archiveVersion = 1;
	classes = {
	};
	objectVersion = 46;
	objects = {

/* Begin PBXBuildFile section */
		A329B9C01D968C3800734160 /* XcodeProvider.swift in Sources */ = {isa = PBXBuildFile; fileRef = A329B9BF1D968C3800734160 /* XcodeProvider.swift */; };
		A329B9C21D968D5000734160 /* System.swift in Sources */ = {isa = PBXBuildFile; fileRef = A329B9C11D968D5000734160 /* System.swift */; };
		A337140B1D14AB9A007465C7 /* endian.m in Sources */ = {isa = PBXBuildFile; fileRef = A33714081D14AB9A007465C7 /* endian.m */; };
		A337140C1D14AB9A007465C7 /* unsign.m in Sources */ = {isa = PBXBuildFile; fileRef = A337140A1D14AB9A007465C7 /* unsign.m */; };
		A375D5F51D1CA9C800EBA13F /* DragView.swift in Sources */ = {isa = PBXBuildFile; fileRef = A375D5F41D1CA9C800EBA13F /* DragView.swift */; };
		A375D5F71D1CA9F400EBA13F /* NSDraggingInfo+DraggedFileURL.swift in Sources */ = {isa = PBXBuildFile; fileRef = A375D5F61D1CA9F400EBA13F /* NSDraggingInfo+DraggedFileURL.swift */; };
		A3AACB0A1D14A46800DFEC9F /* AppDelegate.swift in Sources */ = {isa = PBXBuildFile; fileRef = A3AACB091D14A46800DFEC9F /* AppDelegate.swift */; };
		A3AACB0E1D14A46800DFEC9F /* Assets.xcassets in Resources */ = {isa = PBXBuildFile; fileRef = A3AACB0D1D14A46800DFEC9F /* Assets.xcassets */; };
		A3AACB111D14A46800DFEC9F /* Main.storyboard in Resources */ = {isa = PBXBuildFile; fileRef = A3AACB0F1D14A46800DFEC9F /* Main.storyboard */; };
		A3AACB3A1D14A5D500DFEC9F /* ViewController.swift in Sources */ = {isa = PBXBuildFile; fileRef = A3AACB391D14A5D500DFEC9F /* ViewController.swift */; };
		A3AACB411D14A63800DFEC9F /* XcodeUnsigner.swift in Sources */ = {isa = PBXBuildFile; fileRef = A3AACB401D14A63800DFEC9F /* XcodeUnsigner.swift */; };
		A3C4D8001D14B43F0010B6AC /* XcodeCopier.swift in Sources */ = {isa = PBXBuildFile; fileRef = A3C4D7FF1D14B43F0010B6AC /* XcodeCopier.swift */; };
		A3C4D8021D14B6F30010B6AC /* Xcode.swift in Sources */ = {isa = PBXBuildFile; fileRef = A3C4D8011D14B6F30010B6AC /* Xcode.swift */; };
		DDB29AB61E2D2C1E000379B3 /* xGhostPreventer.xcplugin in Resources */ = {isa = PBXBuildFile; fileRef = DDB29AB31E2D2BFF000379B3 /* xGhostPreventer.xcplugin */; };
		DDB29AB81E2D2C86000379B3 /* XGhostPreventerInstaller.swift in Sources */ = {isa = PBXBuildFile; fileRef = DDB29AB71E2D2C86000379B3 /* XGhostPreventerInstaller.swift */; };
/* End PBXBuildFile section */

/* Begin PBXContainerItemProxy section */
		DDB29AB21E2D2BFF000379B3 /* PBXContainerItemProxy */ = {
			isa = PBXContainerItemProxy;
			containerPortal = DDB29AAE1E2D2BFF000379B3 /* xGhostPreventer.xcodeproj */;
			proxyType = 2;
			remoteGlobalIDString = DD8DAD3D1E2CEB1900723C55;
			remoteInfo = xGhostPreventer;
		};
		DDB29AB41E2D2C08000379B3 /* PBXContainerItemProxy */ = {
			isa = PBXContainerItemProxy;
			containerPortal = DDB29AAE1E2D2BFF000379B3 /* xGhostPreventer.xcodeproj */;
			proxyType = 1;
			remoteGlobalIDString = DD8DAD3C1E2CEB1800723C55;
			remoteInfo = xGhostPreventer;
		};
/* End PBXContainerItemProxy section */

/* Begin PBXFileReference section */
		A329B9BF1D968C3800734160 /* XcodeProvider.swift */ = {isa = PBXFileReference; fileEncoding = 4; lastKnownFileType = sourcecode.swift; path = XcodeProvider.swift; sourceTree = "<group>"; };
		A329B9C11D968D5000734160 /* System.swift */ = {isa = PBXFileReference; fileEncoding = 4; lastKnownFileType = sourcecode.swift; path = System.swift; sourceTree = "<group>"; };
		A33714071D14AB9A007465C7 /* endian.h */ = {isa = PBXFileReference; fileEncoding = 4; lastKnownFileType = sourcecode.c.h; path = endian.h; sourceTree = "<group>"; };
		A33714081D14AB9A007465C7 /* endian.m */ = {isa = PBXFileReference; fileEncoding = 4; lastKnownFileType = sourcecode.c.objc; path = endian.m; sourceTree = "<group>"; };
		A33714091D14AB9A007465C7 /* unsign.h */ = {isa = PBXFileReference; fileEncoding = 4; lastKnownFileType = sourcecode.c.h; path = unsign.h; sourceTree = "<group>"; };
		A337140A1D14AB9A007465C7 /* unsign.m */ = {isa = PBXFileReference; fileEncoding = 4; lastKnownFileType = sourcecode.c.objc; path = unsign.m; sourceTree = "<group>"; };
		A337140D1D14ABCA007465C7 /* MakeXcodeGr8Again-BridgingHeader.h */ = {isa = PBXFileReference; lastKnownFileType = sourcecode.c.h; path = "MakeXcodeGr8Again-BridgingHeader.h"; sourceTree = "<group>"; };
		A375D5F41D1CA9C800EBA13F /* DragView.swift */ = {isa = PBXFileReference; fileEncoding = 4; lastKnownFileType = sourcecode.swift; path = DragView.swift; sourceTree = "<group>"; };
		A375D5F61D1CA9F400EBA13F /* NSDraggingInfo+DraggedFileURL.swift */ = {isa = PBXFileReference; fileEncoding = 4; lastKnownFileType = sourcecode.swift; path = "NSDraggingInfo+DraggedFileURL.swift"; sourceTree = "<group>"; };
		A3AACB061D14A46800DFEC9F /* MakeXcodeGr8Again.app */ = {isa = PBXFileReference; explicitFileType = wrapper.application; includeInIndex = 0; path = MakeXcodeGr8Again.app; sourceTree = BUILT_PRODUCTS_DIR; };
		A3AACB091D14A46800DFEC9F /* AppDelegate.swift */ = {isa = PBXFileReference; lastKnownFileType = sourcecode.swift; path = AppDelegate.swift; sourceTree = "<group>"; };
		A3AACB0D1D14A46800DFEC9F /* Assets.xcassets */ = {isa = PBXFileReference; lastKnownFileType = folder.assetcatalog; path = Assets.xcassets; sourceTree = "<group>"; };
		A3AACB101D14A46800DFEC9F /* Base */ = {isa = PBXFileReference; lastKnownFileType = file.storyboard; name = Base; path = Base.lproj/Main.storyboard; sourceTree = "<group>"; };
		A3AACB121D14A46800DFEC9F /* Info.plist */ = {isa = PBXFileReference; lastKnownFileType = text.plist.xml; path = Info.plist; sourceTree = "<group>"; };
		A3AACB391D14A5D500DFEC9F /* ViewController.swift */ = {isa = PBXFileReference; fileEncoding = 4; lastKnownFileType = sourcecode.swift; path = ViewController.swift; sourceTree = "<group>"; };
		A3AACB401D14A63800DFEC9F /* XcodeUnsigner.swift */ = {isa = PBXFileReference; fileEncoding = 4; lastKnownFileType = sourcecode.swift; path = XcodeUnsigner.swift; sourceTree = "<group>"; };
		A3C4D7FF1D14B43F0010B6AC /* XcodeCopier.swift */ = {isa = PBXFileReference; fileEncoding = 4; lastKnownFileType = sourcecode.swift; path = XcodeCopier.swift; sourceTree = "<group>"; };
		A3C4D8011D14B6F30010B6AC /* Xcode.swift */ = {isa = PBXFileReference; fileEncoding = 4; lastKnownFileType = sourcecode.swift; path = Xcode.swift; sourceTree = "<group>"; };
		DDB29AAE1E2D2BFF000379B3 /* xGhostPreventer.xcodeproj */ = {isa = PBXFileReference; lastKnownFileType = "wrapper.pb-project"; name = xGhostPreventer.xcodeproj; path = Vendor/xGhostPreventer/xGhostPreventer.xcodeproj; sourceTree = "<group>"; };
		DDB29AB71E2D2C86000379B3 /* XGhostPreventerInstaller.swift */ = {isa = PBXFileReference; fileEncoding = 4; lastKnownFileType = sourcecode.swift; path = XGhostPreventerInstaller.swift; sourceTree = "<group>"; };
/* End PBXFileReference section */

/* Begin PBXFrameworksBuildPhase section */
		A3AACB031D14A46700DFEC9F /* Frameworks */ = {
			isa = PBXFrameworksBuildPhase;
			buildActionMask = 2147483647;
			files = (
			);
			runOnlyForDeploymentPostprocessing = 0;
		};
/* End PBXFrameworksBuildPhase section */

/* Begin PBXGroup section */
		A33714061D14AB9A007465C7 /* Unsign */ = {
			isa = PBXGroup;
			children = (
				A33714071D14AB9A007465C7 /* endian.h */,
				A33714081D14AB9A007465C7 /* endian.m */,
				A33714091D14AB9A007465C7 /* unsign.h */,
				A337140A1D14AB9A007465C7 /* unsign.m */,
			);
			path = Unsign;
			sourceTree = "<group>";
		};
		A3AACAFD1D14A46700DFEC9F = {
			isa = PBXGroup;
			children = (
				DDB29AAE1E2D2BFF000379B3 /* xGhostPreventer.xcodeproj */,
				A337140D1D14ABCA007465C7 /* MakeXcodeGr8Again-BridgingHeader.h */,
				A3AACB081D14A46800DFEC9F /* MakeXcodeGr8Again */,
				A3AACB071D14A46800DFEC9F /* Products */,
			);
			sourceTree = "<group>";
		};
		A3AACB071D14A46800DFEC9F /* Products */ = {
			isa = PBXGroup;
			children = (
				A3AACB061D14A46800DFEC9F /* MakeXcodeGr8Again.app */,
			);
			name = Products;
			sourceTree = "<group>";
		};
		A3AACB081D14A46800DFEC9F /* MakeXcodeGr8Again */ = {
			isa = PBXGroup;
			children = (
				A3AACB091D14A46800DFEC9F /* AppDelegate.swift */,
				A3AACB391D14A5D500DFEC9F /* ViewController.swift */,
				A375D5F41D1CA9C800EBA13F /* DragView.swift */,
				A375D5F61D1CA9F400EBA13F /* NSDraggingInfo+DraggedFileURL.swift */,
				A3AACB401D14A63800DFEC9F /* XcodeUnsigner.swift */,
				DDB29AB71E2D2C86000379B3 /* XGhostPreventerInstaller.swift */,
				A3C4D8011D14B6F30010B6AC /* Xcode.swift */,
				A329B9BF1D968C3800734160 /* XcodeProvider.swift */,
				A329B9C11D968D5000734160 /* System.swift */,
				A3C4D7FF1D14B43F0010B6AC /* XcodeCopier.swift */,
				A33714061D14AB9A007465C7 /* Unsign */,
				A3AACB0D1D14A46800DFEC9F /* Assets.xcassets */,
				A3AACB0F1D14A46800DFEC9F /* Main.storyboard */,
				A3AACB121D14A46800DFEC9F /* Info.plist */,
			);
			path = MakeXcodeGr8Again;
			sourceTree = "<group>";
		};
		DDB29AAF1E2D2BFF000379B3 /* Products */ = {
			isa = PBXGroup;
			children = (
				DDB29AB31E2D2BFF000379B3 /* xGhostPreventer.xcplugin */,
			);
			name = Products;
			sourceTree = "<group>";
		};
/* End PBXGroup section */

/* Begin PBXNativeTarget section */
		A3AACB051D14A46700DFEC9F /* MakeXcodeGr8Again */ = {
			isa = PBXNativeTarget;
			buildConfigurationList = A3AACB151D14A46800DFEC9F /* Build configuration list for PBXNativeTarget "MakeXcodeGr8Again" */;
			buildPhases = (
				A3AACB021D14A46700DFEC9F /* Sources */,
				A3AACB031D14A46700DFEC9F /* Frameworks */,
				A3AACB041D14A46700DFEC9F /* Resources */,
			);
			buildRules = (
			);
			dependencies = (
				DDB29AB51E2D2C08000379B3 /* PBXTargetDependency */,
			);
			name = MakeXcodeGr8Again;
			productName = MakeXcodeGr8Again;
			productReference = A3AACB061D14A46800DFEC9F /* MakeXcodeGr8Again.app */;
			productType = "com.apple.product-type.application";
		};
/* End PBXNativeTarget section */

/* Begin PBXProject section */
		A3AACAFE1D14A46700DFEC9F /* Project object */ = {
			isa = PBXProject;
			attributes = {
				LastSwiftUpdateCheck = 0800;
				LastUpgradeCheck = 0800;
				ORGANIZATIONNAME = "Francesco Perrotti-Garcia";
				TargetAttributes = {
					A3AACB051D14A46700DFEC9F = {
						CreatedOnToolsVersion = 8.0;
						ProvisioningStyle = Automatic;
					};
				};
			};
			buildConfigurationList = A3AACB011D14A46700DFEC9F /* Build configuration list for PBXProject "MakeXcodeGr8Again" */;
			compatibilityVersion = "Xcode 3.2";
			developmentRegion = English;
			hasScannedForEncodings = 0;
			knownRegions = (
				en,
				Base,
			);
			mainGroup = A3AACAFD1D14A46700DFEC9F;
			productRefGroup = A3AACB071D14A46800DFEC9F /* Products */;
			projectDirPath = "";
			projectReferences = (
				{
					ProductGroup = DDB29AAF1E2D2BFF000379B3 /* Products */;
					ProjectRef = DDB29AAE1E2D2BFF000379B3 /* xGhostPreventer.xcodeproj */;
				},
			);
			projectRoot = "";
			targets = (
				A3AACB051D14A46700DFEC9F /* MakeXcodeGr8Again */,
			);
		};
/* End PBXProject section */

/* Begin PBXReferenceProxy section */
		DDB29AB31E2D2BFF000379B3 /* xGhostPreventer.xcplugin */ = {
			isa = PBXReferenceProxy;
			fileType = wrapper.cfbundle;
			path = xGhostPreventer.xcplugin;
			remoteRef = DDB29AB21E2D2BFF000379B3 /* PBXContainerItemProxy */;
			sourceTree = BUILT_PRODUCTS_DIR;
		};
/* End PBXReferenceProxy section */

/* Begin PBXResourcesBuildPhase section */
		A3AACB041D14A46700DFEC9F /* Resources */ = {
			isa = PBXResourcesBuildPhase;
			buildActionMask = 2147483647;
			files = (
				A3AACB0E1D14A46800DFEC9F /* Assets.xcassets in Resources */,
				A3AACB111D14A46800DFEC9F /* Main.storyboard in Resources */,
				DDB29AB61E2D2C1E000379B3 /* xGhostPreventer.xcplugin in Resources */,
			);
			runOnlyForDeploymentPostprocessing = 0;
		};
/* End PBXResourcesBuildPhase section */

/* Begin PBXSourcesBuildPhase section */
		A3AACB021D14A46700DFEC9F /* Sources */ = {
			isa = PBXSourcesBuildPhase;
			buildActionMask = 2147483647;
			files = (
				A329B9C01D968C3800734160 /* XcodeProvider.swift in Sources */,
				A3AACB411D14A63800DFEC9F /* XcodeUnsigner.swift in Sources */,
				A3C4D8021D14B6F30010B6AC /* Xcode.swift in Sources */,
				DDB29AB81E2D2C86000379B3 /* XGhostPreventerInstaller.swift in Sources */,
				A375D5F51D1CA9C800EBA13F /* DragView.swift in Sources */,
				A375D5F71D1CA9F400EBA13F /* NSDraggingInfo+DraggedFileURL.swift in Sources */,
				A3C4D8001D14B43F0010B6AC /* XcodeCopier.swift in Sources */,
				A3AACB3A1D14A5D500DFEC9F /* ViewController.swift in Sources */,
				A337140B1D14AB9A007465C7 /* endian.m in Sources */,
				A337140C1D14AB9A007465C7 /* unsign.m in Sources */,
				A3AACB0A1D14A46800DFEC9F /* AppDelegate.swift in Sources */,
				A329B9C21D968D5000734160 /* System.swift in Sources */,
			);
			runOnlyForDeploymentPostprocessing = 0;
		};
/* End PBXSourcesBuildPhase section */

/* Begin PBXTargetDependency section */
		DDB29AB51E2D2C08000379B3 /* PBXTargetDependency */ = {
			isa = PBXTargetDependency;
			name = xGhostPreventer;
			targetProxy = DDB29AB41E2D2C08000379B3 /* PBXContainerItemProxy */;
		};
/* End PBXTargetDependency section */

/* Begin PBXVariantGroup section */
		A3AACB0F1D14A46800DFEC9F /* Main.storyboard */ = {
			isa = PBXVariantGroup;
			children = (
				A3AACB101D14A46800DFEC9F /* Base */,
			);
			name = Main.storyboard;
			sourceTree = "<group>";
		};
/* End PBXVariantGroup section */

/* Begin XCBuildConfiguration section */
		A3AACB131D14A46800DFEC9F /* Debug */ = {
			isa = XCBuildConfiguration;
			buildSettings = {
				ALWAYS_SEARCH_USER_PATHS = NO;
				CLANG_ANALYZER_NONNULL = YES;
				CLANG_CXX_LANGUAGE_STANDARD = "gnu++0x";
				CLANG_CXX_LIBRARY = "libc++";
				CLANG_ENABLE_MODULES = YES;
				CLANG_ENABLE_OBJC_ARC = YES;
				CLANG_WARN_BOOL_CONVERSION = YES;
				CLANG_WARN_CONSTANT_CONVERSION = YES;
				CLANG_WARN_DIRECT_OBJC_ISA_USAGE = YES_ERROR;
				CLANG_WARN_DOCUMENTATION_COMMENTS = YES;
				CLANG_WARN_EMPTY_BODY = YES;
				CLANG_WARN_ENUM_CONVERSION = YES;
				CLANG_WARN_INT_CONVERSION = YES;
				CLANG_WARN_OBJC_ROOT_CLASS = YES_ERROR;
				CLANG_WARN_UNREACHABLE_CODE = YES;
				CLANG_WARN__DUPLICATE_METHOD_MATCH = YES;
				CODE_SIGN_IDENTITY = "-";
				COPY_PHASE_STRIP = NO;
				DEBUG_INFORMATION_FORMAT = dwarf;
				ENABLE_STRICT_OBJC_MSGSEND = YES;
				ENABLE_TESTABILITY = YES;
				GCC_C_LANGUAGE_STANDARD = gnu99;
				GCC_DYNAMIC_NO_PIC = NO;
				GCC_NO_COMMON_BLOCKS = YES;
				GCC_OPTIMIZATION_LEVEL = 0;
				GCC_PREPROCESSOR_DEFINITIONS = (
					"DEBUG=1",
					"$(inherited)",
				);
				GCC_WARN_64_TO_32_BIT_CONVERSION = YES;
				GCC_WARN_ABOUT_RETURN_TYPE = YES_ERROR;
				GCC_WARN_UNDECLARED_SELECTOR = YES;
				GCC_WARN_UNINITIALIZED_AUTOS = YES_AGGRESSIVE;
				GCC_WARN_UNUSED_FUNCTION = YES;
				GCC_WARN_UNUSED_VARIABLE = YES;
				MACOSX_DEPLOYMENT_TARGET = 10.11;
				MTL_ENABLE_DEBUG_INFO = YES;
				ONLY_ACTIVE_ARCH = YES;
				SDKROOT = macosx;
				SWIFT_ACTIVE_COMPILATION_CONDITIONS = DEBUG;
				SWIFT_OPTIMIZATION_LEVEL = "-Onone";
			};
			name = Debug;
		};
		A3AACB141D14A46800DFEC9F /* Release */ = {
			isa = XCBuildConfiguration;
			buildSettings = {
				ALWAYS_SEARCH_USER_PATHS = NO;
				CLANG_ANALYZER_NONNULL = YES;
				CLANG_CXX_LANGUAGE_STANDARD = "gnu++0x";
				CLANG_CXX_LIBRARY = "libc++";
				CLANG_ENABLE_MODULES = YES;
				CLANG_ENABLE_OBJC_ARC = YES;
				CLANG_WARN_BOOL_CONVERSION = YES;
				CLANG_WARN_CONSTANT_CONVERSION = YES;
				CLANG_WARN_DIRECT_OBJC_ISA_USAGE = YES_ERROR;
				CLANG_WARN_DOCUMENTATION_COMMENTS = YES;
				CLANG_WARN_EMPTY_BODY = YES;
				CLANG_WARN_ENUM_CONVERSION = YES;
				CLANG_WARN_INT_CONVERSION = YES;
				CLANG_WARN_OBJC_ROOT_CLASS = YES_ERROR;
				CLANG_WARN_UNREACHABLE_CODE = YES;
				CLANG_WARN__DUPLICATE_METHOD_MATCH = YES;
				CODE_SIGN_IDENTITY = "-";
				COPY_PHASE_STRIP = NO;
				DEBUG_INFORMATION_FORMAT = "dwarf-with-dsym";
				ENABLE_NS_ASSERTIONS = NO;
				ENABLE_STRICT_OBJC_MSGSEND = YES;
				GCC_C_LANGUAGE_STANDARD = gnu99;
				GCC_NO_COMMON_BLOCKS = YES;
				GCC_WARN_64_TO_32_BIT_CONVERSION = YES;
				GCC_WARN_ABOUT_RETURN_TYPE = YES_ERROR;
				GCC_WARN_UNDECLARED_SELECTOR = YES;
				GCC_WARN_UNINITIALIZED_AUTOS = YES_AGGRESSIVE;
				GCC_WARN_UNUSED_FUNCTION = YES;
				GCC_WARN_UNUSED_VARIABLE = YES;
				MACOSX_DEPLOYMENT_TARGET = 10.11;
				MTL_ENABLE_DEBUG_INFO = NO;
				SDKROOT = macosx;
				SWIFT_OPTIMIZATION_LEVEL = "-Owholemodule";
			};
			name = Release;
		};
		A3AACB161D14A46800DFEC9F /* Debug */ = {
			isa = XCBuildConfiguration;
			buildSettings = {
				ASSETCATALOG_COMPILER_APPICON_NAME = AppIcon;
				COMBINE_HIDPI_IMAGES = YES;
				GCC_TREAT_IMPLICIT_FUNCTION_DECLARATIONS_AS_ERRORS = YES;
				GCC_TREAT_INCOMPATIBLE_POINTER_TYPE_WARNINGS_AS_ERRORS = YES;
				GCC_TREAT_WARNINGS_AS_ERRORS = YES;
				INFOPLIST_FILE = "$(SRCROOT)/MakeXcodeGr8Again/Info.plist";
				LD_RUNPATH_SEARCH_PATHS = "$(inherited) @executable_path/../Frameworks";
				PRODUCT_BUNDLE_IDENTIFIER = "com.perrotti-garcia.MakeXcodeGr8Again";
				PRODUCT_NAME = "$(TARGET_NAME)";
				SWIFT_OBJC_BRIDGING_HEADER = "MakeXcodeGr8Again-BridgingHeader.h";
				SWIFT_TREAT_WARNINGS_AS_ERRORS = YES;
				SWIFT_VERSION = 3.0;
			};
			name = Debug;
		};
		A3AACB171D14A46800DFEC9F /* Release */ = {
			isa = XCBuildConfiguration;
			buildSettings = {
				ASSETCATALOG_COMPILER_APPICON_NAME = AppIcon;
				COMBINE_HIDPI_IMAGES = YES;
				GCC_TREAT_IMPLICIT_FUNCTION_DECLARATIONS_AS_ERRORS = YES;
				GCC_TREAT_INCOMPATIBLE_POINTER_TYPE_WARNINGS_AS_ERRORS = YES;
				GCC_TREAT_WARNINGS_AS_ERRORS = YES;
				INFOPLIST_FILE = "$(SRCROOT)/MakeXcodeGr8Again/Info.plist";
				LD_RUNPATH_SEARCH_PATHS = "$(inherited) @executable_path/../Frameworks";
				PRODUCT_BUNDLE_IDENTIFIER = "com.perrotti-garcia.MakeXcodeGr8Again";
				PRODUCT_NAME = "$(TARGET_NAME)";
				SWIFT_OBJC_BRIDGING_HEADER = "MakeXcodeGr8Again-BridgingHeader.h";
				SWIFT_TREAT_WARNINGS_AS_ERRORS = YES;
				SWIFT_VERSION = 3.0;
			};
			name = Release;
		};
/* End XCBuildConfiguration section */

/* Begin XCConfigurationList section */
		A3AACB011D14A46700DFEC9F /* Build configuration list for PBXProject "MakeXcodeGr8Again" */ = {
			isa = XCConfigurationList;
			buildConfigurations = (
				A3AACB131D14A46800DFEC9F /* Debug */,
				A3AACB141D14A46800DFEC9F /* Release */,
			);
			defaultConfigurationIsVisible = 0;
			defaultConfigurationName = Release;
		};
		A3AACB151D14A46800DFEC9F /* Build configuration list for PBXNativeTarget "MakeXcodeGr8Again" */ = {
			isa = XCConfigurationList;
			buildConfigurations = (
				A3AACB161D14A46800DFEC9F /* Debug */,
				A3AACB171D14A46800DFEC9F /* Release */,
			);
			defaultConfigurationIsVisible = 0;
			defaultConfigurationName = Release;
		};
/* End XCConfigurationList section */
	};
	rootObject = A3AACAFE1D14A46700DFEC9F /* Project object */;
}
